
Microsoft Visual Studio Solution File, Format Version 12.00
# Visual Studio Version 17
VisualStudioVersion = 17.7.34031.279
MinimumVisualStudioVersion = 10.0.40219.1
Project("{FAE04EC0-301F-11D3-BF4B-00C04F79EFBC}") = "WpfApp24", "WpfApp24\WpfApp24.csproj", "{23DB6068-18EA-47AA-BEFD-2C1A47E504B1}"
EndProject
Global
	GlobalSection(SolutionConfigurationPlatforms) = preSolution
		Debug|Any CPU = Debug|Any CPU
		Release|Any CPU = Release|Any CPU
	EndGlobalSection
	GlobalSection(ProjectConfigurationPlatforms) = postSolution
		{23DB6068-18EA-47AA-BEFD-2C1A47E504B1}.Debug|Any CPU.ActiveCfg = Debug|Any CPU
		{23DB6068-18EA-47AA-BEFD-2C1A47E504B1}.Debug|Any CPU.Build.0 = Debug|Any CPU
		{23DB6068-18EA-47AA-BEFD-2C1A47E504B1}.Release|Any CPU.ActiveCfg = Release|Any CPU
		{23DB6068-18EA-47AA-BEFD-2C1A47E504B1}.Release|Any CPU.Build.0 = Release|Any CPU
	EndGlobalSection
	GlobalSection(SolutionProperties) = preSolution
		HideSolutionNode = FALSE
	EndGlobalSection
	GlobalSection(ExtensibilityGlobals) = postSolution
		SolutionGuid = {093EF3F6-03C8-4278-A00E-740F0E5D8486}
	EndGlobalSection
EndGlobal
